
Microsoft Visual Studio Solution File, Format Version 12.00
# Visual Studio 15
VisualStudioVersion = 15.0.28307.136
MinimumVisualStudioVersion = 10.0.40219.1
Project("{00D1A9C2-B5F0-4AF3-8072-F6C62B433612}") = "wi_master", "wi_master\wi_master.sqlproj", "{AE86479E-0C7B-4312-B6BF-075D88D0543B}"
	ProjectSection(ProjectDependencies) = postProject
		{87270397-0712-4A60-9D9C-195494600611} = {87270397-0712-4A60-9D9C-195494600611}
	EndProjectSection
EndProject
Project("{00D1A9C2-B5F0-4AF3-8072-F6C62B433612}") = "wi_revisions", "wi_revisions\wi_revisions.sqlproj", "{9B7B18BE-E404-45CE-BB03-612648623172}"
EndProject
Project("{00D1A9C2-B5F0-4AF3-8072-F6C62B433612}") = "wi_import", "wi_import\wi_import.sqlproj", "{87270397-0712-4A60-9D9C-195494600611}"
EndProject
Project("{00D1A9C2-B5F0-4AF3-8072-F6C62B433612}") = "wi_backups", "wi_backups\wi_backups.sqlproj", "{D60D2D2A-DF7F-4734-81A8-8507DABA256F}"
EndProject
Project("{00D1A9C2-B5F0-4AF3-8072-F6C62B433612}") = "aws_rds_migration.wi_import", "aws_rds_migration.wi_import\aws_rds_migration.wi_import.sqlproj", "{EF3F78E0-F519-4DDA-A30C-8633A7B7CAC6}"
EndProject
Project("{00D1A9C2-B5F0-4AF3-8072-F6C62B433612}") = "aws_rds_migration.wi_master", "aws_rds_migration.wi_master\aws_rds_migration.wi_master.sqlproj", "{CB6EAEB3-5E45-43E7-9F26-48CCB172A440}"
EndProject
Global
	GlobalSection(SolutionConfigurationPlatforms) = preSolution
		Debug|Any CPU = Debug|Any CPU
		Release|Any CPU = Release|Any CPU
	EndGlobalSection
	GlobalSection(ProjectConfigurationPlatforms) = postSolution
		{AE86479E-0C7B-4312-B6BF-075D88D0543B}.Debug|Any CPU.ActiveCfg = Debug|Any CPU
		{AE86479E-0C7B-4312-B6BF-075D88D0543B}.Debug|Any CPU.Build.0 = Debug|Any CPU
		{AE86479E-0C7B-4312-B6BF-075D88D0543B}.Debug|Any CPU.Deploy.0 = Debug|Any CPU
		{AE86479E-0C7B-4312-B6BF-075D88D0543B}.Release|Any CPU.ActiveCfg = Release|Any CPU
		{AE86479E-0C7B-4312-B6BF-075D88D0543B}.Release|Any CPU.Build.0 = Release|Any CPU
		{AE86479E-0C7B-4312-B6BF-075D88D0543B}.Release|Any CPU.Deploy.0 = Release|Any CPU
		{9B7B18BE-E404-45CE-BB03-612648623172}.Debug|Any CPU.ActiveCfg = Debug|Any CPU
		{9B7B18BE-E404-45CE-BB03-612648623172}.Debug|Any CPU.Build.0 = Debug|Any CPU
		{9B7B18BE-E404-45CE-BB03-612648623172}.Debug|Any CPU.Deploy.0 = Debug|Any CPU
		{9B7B18BE-E404-45CE-BB03-612648623172}.Release|Any CPU.ActiveCfg = Release|Any CPU
		{9B7B18BE-E404-45CE-BB03-612648623172}.Release|Any CPU.Build.0 = Release|Any CPU
		{9B7B18BE-E404-45CE-BB03-612648623172}.Release|Any CPU.Deploy.0 = Release|Any CPU
		{87270397-0712-4A60-9D9C-195494600611}.Debug|Any CPU.ActiveCfg = Debug|Any CPU
		{87270397-0712-4A60-9D9C-195494600611}.Debug|Any CPU.Build.0 = Debug|Any CPU
		{87270397-0712-4A60-9D9C-195494600611}.Debug|Any CPU.Deploy.0 = Debug|Any CPU
		{87270397-0712-4A60-9D9C-195494600611}.Release|Any CPU.ActiveCfg = Release|Any CPU
		{87270397-0712-4A60-9D9C-195494600611}.Release|Any CPU.Build.0 = Release|Any CPU
		{87270397-0712-4A60-9D9C-195494600611}.Release|Any CPU.Deploy.0 = Release|Any CPU
		{D60D2D2A-DF7F-4734-81A8-8507DABA256F}.Debug|Any CPU.ActiveCfg = Debug|Any CPU
		{D60D2D2A-DF7F-4734-81A8-8507DABA256F}.Debug|Any CPU.Build.0 = Debug|Any CPU
		{D60D2D2A-DF7F-4734-81A8-8507DABA256F}.Debug|Any CPU.Deploy.0 = Debug|Any CPU
		{D60D2D2A-DF7F-4734-81A8-8507DABA256F}.Release|Any CPU.ActiveCfg = Release|Any CPU
		{D60D2D2A-DF7F-4734-81A8-8507DABA256F}.Release|Any CPU.Build.0 = Release|Any CPU
		{D60D2D2A-DF7F-4734-81A8-8507DABA256F}.Release|Any CPU.Deploy.0 = Release|Any CPU
		{EF3F78E0-F519-4DDA-A30C-8633A7B7CAC6}.Debug|Any CPU.ActiveCfg = Debug|Any CPU
		{EF3F78E0-F519-4DDA-A30C-8633A7B7CAC6}.Debug|Any CPU.Build.0 = Debug|Any CPU
		{EF3F78E0-F519-4DDA-A30C-8633A7B7CAC6}.Debug|Any CPU.Deploy.0 = Debug|Any CPU
		{EF3F78E0-F519-4DDA-A30C-8633A7B7CAC6}.Release|Any CPU.ActiveCfg = Release|Any CPU
		{EF3F78E0-F519-4DDA-A30C-8633A7B7CAC6}.Release|Any CPU.Build.0 = Release|Any CPU
		{EF3F78E0-F519-4DDA-A30C-8633A7B7CAC6}.Release|Any CPU.Deploy.0 = Release|Any CPU
		{CB6EAEB3-5E45-43E7-9F26-48CCB172A440}.Debug|Any CPU.ActiveCfg = Debug|Any CPU
		{CB6EAEB3-5E45-43E7-9F26-48CCB172A440}.Debug|Any CPU.Build.0 = Debug|Any CPU
		{CB6EAEB3-5E45-43E7-9F26-48CCB172A440}.Debug|Any CPU.Deploy.0 = Debug|Any CPU
		{CB6EAEB3-5E45-43E7-9F26-48CCB172A440}.Release|Any CPU.ActiveCfg = Release|Any CPU
		{CB6EAEB3-5E45-43E7-9F26-48CCB172A440}.Release|Any CPU.Build.0 = Release|Any CPU
		{CB6EAEB3-5E45-43E7-9F26-48CCB172A440}.Release|Any CPU.Deploy.0 = Release|Any CPU
	EndGlobalSection
	GlobalSection(SolutionProperties) = preSolution
		HideSolutionNode = FALSE
	EndGlobalSection
	GlobalSection(ExtensibilityGlobals) = postSolution
		SolutionGuid = {626EF4B0-1C61-43AE-A4BF-2F4B23867042}
	EndGlobalSection
EndGlobal
