
Microsoft Visual Studio Solution File, Format Version 12.00
# Visual Studio 15
VisualStudioVersion = 15.0.28307.136
MinimumVisualStudioVersion = 10.0.40219.1
Project("{00D1A9C2-B5F0-4AF3-8072-F6C62B433612}") = "wi_master", "wi_master\wi_master.sqlproj", "{EA8A362E-FEE7-495B-9B3E-4EF143151E53}"
EndProject
Project("{00D1A9C2-B5F0-4AF3-8072-F6C62B433612}") = "wi_import", "wi_import\wi_import.sqlproj", "{CB928D24-50D6-4784-B137-C8E613F704BA}"
EndProject
Project("{00D1A9C2-B5F0-4AF3-8072-F6C62B433612}") = "wi_backups", "wi_backups\wi_backups.sqlproj", "{5BADA856-2B60-4874-93ED-1651321D9F48}"
EndProject
Project("{00D1A9C2-B5F0-4AF3-8072-F6C62B433612}") = "wi_revisions", "wi_revisions\wi_revisions.sqlproj", "{17793D54-0A37-4CED-A774-D79041375D9C}"
EndProject
Global
	GlobalSection(SolutionConfigurationPlatforms) = preSolution
		Debug|Any CPU = Debug|Any CPU
		Release|Any CPU = Release|Any CPU
	EndGlobalSection
	GlobalSection(ProjectConfigurationPlatforms) = postSolution
		{EA8A362E-FEE7-495B-9B3E-4EF143151E53}.Debug|Any CPU.ActiveCfg = Debug|Any CPU
		{EA8A362E-FEE7-495B-9B3E-4EF143151E53}.Debug|Any CPU.Build.0 = Debug|Any CPU
		{EA8A362E-FEE7-495B-9B3E-4EF143151E53}.Debug|Any CPU.Deploy.0 = Debug|Any CPU
		{EA8A362E-FEE7-495B-9B3E-4EF143151E53}.Release|Any CPU.ActiveCfg = Release|Any CPU
		{EA8A362E-FEE7-495B-9B3E-4EF143151E53}.Release|Any CPU.Build.0 = Release|Any CPU
		{EA8A362E-FEE7-495B-9B3E-4EF143151E53}.Release|Any CPU.Deploy.0 = Release|Any CPU
		{CB928D24-50D6-4784-B137-C8E613F704BA}.Debug|Any CPU.ActiveCfg = Debug|Any CPU
		{CB928D24-50D6-4784-B137-C8E613F704BA}.Debug|Any CPU.Build.0 = Debug|Any CPU
		{CB928D24-50D6-4784-B137-C8E613F704BA}.Debug|Any CPU.Deploy.0 = Debug|Any CPU
		{CB928D24-50D6-4784-B137-C8E613F704BA}.Release|Any CPU.ActiveCfg = Release|Any CPU
		{CB928D24-50D6-4784-B137-C8E613F704BA}.Release|Any CPU.Build.0 = Release|Any CPU
		{CB928D24-50D6-4784-B137-C8E613F704BA}.Release|Any CPU.Deploy.0 = Release|Any CPU
		{5BADA856-2B60-4874-93ED-1651321D9F48}.Debug|Any CPU.ActiveCfg = Debug|Any CPU
		{5BADA856-2B60-4874-93ED-1651321D9F48}.Debug|Any CPU.Build.0 = Debug|Any CPU
		{5BADA856-2B60-4874-93ED-1651321D9F48}.Debug|Any CPU.Deploy.0 = Debug|Any CPU
		{5BADA856-2B60-4874-93ED-1651321D9F48}.Release|Any CPU.ActiveCfg = Release|Any CPU
		{5BADA856-2B60-4874-93ED-1651321D9F48}.Release|Any CPU.Build.0 = Release|Any CPU
		{5BADA856-2B60-4874-93ED-1651321D9F48}.Release|Any CPU.Deploy.0 = Release|Any CPU
		{17793D54-0A37-4CED-A774-D79041375D9C}.Debug|Any CPU.ActiveCfg = Debug|Any CPU
		{17793D54-0A37-4CED-A774-D79041375D9C}.Debug|Any CPU.Build.0 = Debug|Any CPU
		{17793D54-0A37-4CED-A774-D79041375D9C}.Debug|Any CPU.Deploy.0 = Debug|Any CPU
		{17793D54-0A37-4CED-A774-D79041375D9C}.Release|Any CPU.ActiveCfg = Release|Any CPU
		{17793D54-0A37-4CED-A774-D79041375D9C}.Release|Any CPU.Build.0 = Release|Any CPU
		{17793D54-0A37-4CED-A774-D79041375D9C}.Release|Any CPU.Deploy.0 = Release|Any CPU
	EndGlobalSection
	GlobalSection(SolutionProperties) = preSolution
		HideSolutionNode = FALSE
	EndGlobalSection
	GlobalSection(ExtensibilityGlobals) = postSolution
		SolutionGuid = {C3CF89E6-0DE9-4946-9E76-A87FF4B7A097}
	EndGlobalSection
EndGlobal
